
Microsoft Visual Studio Solution File, Format Version 12.00
# Visual Studio Version 16
VisualStudioVersion = 16.0.29215.179
MinimumVisualStudioVersion = 10.0.40219.1
Project("{FAE04EC0-301F-11D3-BF4B-00C04F79EFBC}") = "InnovacionDocentes", "InnovacionDocentes\InnovacionDocentes.csproj", "{AAEA3E47-2763-4208-8E31-457838BBFD20}"
EndProject
Global
	GlobalSection(SolutionConfigurationPlatforms) = preSolution
		Debug|Any CPU = Debug|Any CPU
		Release|Any CPU = Release|Any CPU
	EndGlobalSection
	GlobalSection(ProjectConfigurationPlatforms) = postSolution
		{AAEA3E47-2763-4208-8E31-457838BBFD20}.Debug|Any CPU.ActiveCfg = Debug|Any CPU
		{AAEA3E47-2763-4208-8E31-457838BBFD20}.Debug|Any CPU.Build.0 = Debug|Any CPU
		{AAEA3E47-2763-4208-8E31-457838BBFD20}.Release|Any CPU.ActiveCfg = Release|Any CPU
		{AAEA3E47-2763-4208-8E31-457838BBFD20}.Release|Any CPU.Build.0 = Release|Any CPU
	EndGlobalSection
	GlobalSection(SolutionProperties) = preSolution
		HideSolutionNode = FALSE
	EndGlobalSection
	GlobalSection(ExtensibilityGlobals) = postSolution
		SolutionGuid = {1FEFCE5D-3860-41B0-8AA6-DEC255D5BF89}
	EndGlobalSection
EndGlobal
